
Microsoft Visual Studio Solution File, Format Version 12.00
# Visual Studio Version 17
VisualStudioVersion = 17.3.32922.545
MinimumVisualStudioVersion = 10.0.40219.1
Project("{FAE04EC0-301F-11D3-BF4B-00C04F79EFBC}") = "Ohce", "Ohce\Ohce.csproj", "{88DC3E62-1450-4C29-81BA-5245893C61B0}"
EndProject
Project("{FAE04EC0-301F-11D3-BF4B-00C04F79EFBC}") = "Ohce.Test", "..\Ohce.Test\Ohce.Test.csproj", "{193CDB03-CB77-45A8-B0E1-D14C43519D01}"
EndProject
Global
	GlobalSection(SolutionConfigurationPlatforms) = preSolution
		Debug|Any CPU = Debug|Any CPU
		Release|Any CPU = Release|Any CPU
	EndGlobalSection
	GlobalSection(ProjectConfigurationPlatforms) = postSolution
		{88DC3E62-1450-4C29-81BA-5245893C61B0}.Debug|Any CPU.ActiveCfg = Debug|Any CPU
		{88DC3E62-1450-4C29-81BA-5245893C61B0}.Debug|Any CPU.Build.0 = Debug|Any CPU
		{88DC3E62-1450-4C29-81BA-5245893C61B0}.Release|Any CPU.ActiveCfg = Release|Any CPU
		{88DC3E62-1450-4C29-81BA-5245893C61B0}.Release|Any CPU.Build.0 = Release|Any CPU
		{193CDB03-CB77-45A8-B0E1-D14C43519D01}.Debug|Any CPU.ActiveCfg = Debug|Any CPU
		{193CDB03-CB77-45A8-B0E1-D14C43519D01}.Debug|Any CPU.Build.0 = Debug|Any CPU
		{193CDB03-CB77-45A8-B0E1-D14C43519D01}.Release|Any CPU.ActiveCfg = Release|Any CPU
		{193CDB03-CB77-45A8-B0E1-D14C43519D01}.Release|Any CPU.Build.0 = Release|Any CPU
	EndGlobalSection
	GlobalSection(SolutionProperties) = preSolution
		HideSolutionNode = FALSE
	EndGlobalSection
	GlobalSection(ExtensibilityGlobals) = postSolution
		SolutionGuid = {8990F4AB-7E7C-4962-B37B-7C8DD7AA315D}
	EndGlobalSection
EndGlobal
